
Microsoft Visual Studio Solution File, Format Version 12.00
# Visual Studio Version 17
VisualStudioVersion = 17.4.33213.308
MinimumVisualStudioVersion = 10.0.40219.1
Project("{FAE04EC0-301F-11D3-BF4B-00C04F79EFBC}") = "kursova", "kursova\kursova.csproj", "{FAD12DA7-8049-49FC-9CF4-247800F62134}"
EndProject
Global
	GlobalSection(SolutionConfigurationPlatforms) = preSolution
		Debug|Any CPU = Debug|Any CPU
		Release|Any CPU = Release|Any CPU
	EndGlobalSection
	GlobalSection(ProjectConfigurationPlatforms) = postSolution
		{FAD12DA7-8049-49FC-9CF4-247800F62134}.Debug|Any CPU.ActiveCfg = Debug|Any CPU
		{FAD12DA7-8049-49FC-9CF4-247800F62134}.Debug|Any CPU.Build.0 = Debug|Any CPU
		{FAD12DA7-8049-49FC-9CF4-247800F62134}.Release|Any CPU.ActiveCfg = Release|Any CPU
		{FAD12DA7-8049-49FC-9CF4-247800F62134}.Release|Any CPU.Build.0 = Release|Any CPU
	EndGlobalSection
	GlobalSection(SolutionProperties) = preSolution
		HideSolutionNode = FALSE
	EndGlobalSection
	GlobalSection(ExtensibilityGlobals) = postSolution
		SolutionGuid = {58471A5B-E8C7-46AB-B730-1637901E691F}
	EndGlobalSection
EndGlobal
